
Microsoft Visual Studio Solution File, Format Version 12.00
Project("{FAE04EC0-301F-11D3-BF4B-00C04F79EFBC}") = "RegexApp", "RegexApp\RegexApp.csproj", "{C114DCFA-B624-48A4-8BD2-40AB53DA239A}"
EndProject
Global
	GlobalSection(SolutionConfigurationPlatforms) = preSolution
		Debug|Any CPU = Debug|Any CPU
		Release|Any CPU = Release|Any CPU
	EndGlobalSection
	GlobalSection(ProjectConfigurationPlatforms) = postSolution
		{C114DCFA-B624-48A4-8BD2-40AB53DA239A}.Debug|Any CPU.ActiveCfg = Debug|Any CPU
		{C114DCFA-B624-48A4-8BD2-40AB53DA239A}.Debug|Any CPU.Build.0 = Debug|Any CPU
		{C114DCFA-B624-48A4-8BD2-40AB53DA239A}.Release|Any CPU.ActiveCfg = Release|Any CPU
		{C114DCFA-B624-48A4-8BD2-40AB53DA239A}.Release|Any CPU.Build.0 = Release|Any CPU
	EndGlobalSection
EndGlobal
